
Microsoft Visual Studio Solution File, Format Version 12.00
# Visual Studio Version 17
VisualStudioVersion = 17.13.35931.197 d17.13
MinimumVisualStudioVersion = 10.0.40219.1
Project("{FAE04EC0-301F-11D3-BF4B-00C04F79EFBC}") = "Week_6_Assignment_6.1.3", "Week_6_Assignment_6.1.3.csproj", "{AB962054-0E2C-4414-90B8-F5F2F99C5D1C}"
EndProject
Global
	GlobalSection(SolutionConfigurationPlatforms) = preSolution
		Debug|Any CPU = Debug|Any CPU
		Release|Any CPU = Release|Any CPU
	EndGlobalSection
	GlobalSection(ProjectConfigurationPlatforms) = postSolution
		{AB962054-0E2C-4414-90B8-F5F2F99C5D1C}.Debug|Any CPU.ActiveCfg = Debug|Any CPU
		{AB962054-0E2C-4414-90B8-F5F2F99C5D1C}.Debug|Any CPU.Build.0 = Debug|Any CPU
		{AB962054-0E2C-4414-90B8-F5F2F99C5D1C}.Release|Any CPU.ActiveCfg = Release|Any CPU
		{AB962054-0E2C-4414-90B8-F5F2F99C5D1C}.Release|Any CPU.Build.0 = Release|Any CPU
	EndGlobalSection
	GlobalSection(SolutionProperties) = preSolution
		HideSolutionNode = FALSE
	EndGlobalSection
	GlobalSection(ExtensibilityGlobals) = postSolution
		SolutionGuid = {E1052AC5-2019-4999-A58D-9D2D555090AB}
	EndGlobalSection
EndGlobal
